
Microsoft Visual Studio Solution File, Format Version 12.00
# Visual Studio Version 17
VisualStudioVersion = 17.3.32819.101
MinimumVisualStudioVersion = 10.0.40219.1
Project("{FAE04EC0-301F-11D3-BF4B-00C04F79EFBC}") = "InterprocessExerciseClient", "InterprocessExerciseClient\InterprocessExerciseClient.csproj", "{24EE1DE1-9B49-4583-AB35-D4A6872AABC8}"
EndProject
Global
	GlobalSection(SolutionConfigurationPlatforms) = preSolution
		Debug|Any CPU = Debug|Any CPU
		Release|Any CPU = Release|Any CPU
	EndGlobalSection
	GlobalSection(ProjectConfigurationPlatforms) = postSolution
		{24EE1DE1-9B49-4583-AB35-D4A6872AABC8}.Debug|Any CPU.ActiveCfg = Debug|Any CPU
		{24EE1DE1-9B49-4583-AB35-D4A6872AABC8}.Debug|Any CPU.Build.0 = Debug|Any CPU
		{24EE1DE1-9B49-4583-AB35-D4A6872AABC8}.Release|Any CPU.ActiveCfg = Release|Any CPU
		{24EE1DE1-9B49-4583-AB35-D4A6872AABC8}.Release|Any CPU.Build.0 = Release|Any CPU
	EndGlobalSection
	GlobalSection(SolutionProperties) = preSolution
		HideSolutionNode = FALSE
	EndGlobalSection
	GlobalSection(ExtensibilityGlobals) = postSolution
		SolutionGuid = {1B08D902-025C-4A96-912A-606EA87E9B92}
	EndGlobalSection
EndGlobal
